
Microsoft Visual Studio Solution File, Format Version 12.00
# Visual Studio Version 17
VisualStudioVersion = 17.6.33829.357
MinimumVisualStudioVersion = 10.0.40219.1
Project("{9A19103F-16F7-4668-BE54-9A1E7A4F7556}") = "WebSaver.API", "WebSaver.API\WebSaver.API.csproj", "{4B12633E-3469-4F76-8102-1D08A1F9429E}"
EndProject
Project("{9A19103F-16F7-4668-BE54-9A1E7A4F7556}") = "WebSaver.DTOs", "WebSaver.DTOs\WebSaver.DTOs.csproj", "{3B757912-AC2E-4930-84F7-9F14C9F79EEC}"
EndProject
Project("{9A19103F-16F7-4668-BE54-9A1E7A4F7556}") = "WebSaver.APP", "WebSaver.APP\WebSaver.APP.csproj", "{15348633-ED7C-498C-B98D-2BFE2D16D6A6}"
EndProject
Project("{9A19103F-16F7-4668-BE54-9A1E7A4F7556}") = "WebSaver.Domain", "WebSaver.Domain\WebSaver.Domain.csproj", "{ED37C142-8734-4400-B6D7-9B1E77140351}"
EndProject
Project("{9A19103F-16F7-4668-BE54-9A1E7A4F7556}") = "WebSaver.Infrastructure", "WebSaver.Infrastructure\WebSaver.Infrastructure.csproj", "{33AB05C5-B961-493F-9F3E-9C638C1FCF72}"
EndProject
Global
	GlobalSection(SolutionConfigurationPlatforms) = preSolution
		Debug|Any CPU = Debug|Any CPU
		Release|Any CPU = Release|Any CPU
	EndGlobalSection
	GlobalSection(ProjectConfigurationPlatforms) = postSolution
		{4B12633E-3469-4F76-8102-1D08A1F9429E}.Debug|Any CPU.ActiveCfg = Debug|Any CPU
		{4B12633E-3469-4F76-8102-1D08A1F9429E}.Debug|Any CPU.Build.0 = Debug|Any CPU
		{4B12633E-3469-4F76-8102-1D08A1F9429E}.Release|Any CPU.ActiveCfg = Release|Any CPU
		{4B12633E-3469-4F76-8102-1D08A1F9429E}.Release|Any CPU.Build.0 = Release|Any CPU
		{3B757912-AC2E-4930-84F7-9F14C9F79EEC}.Debug|Any CPU.ActiveCfg = Debug|Any CPU
		{3B757912-AC2E-4930-84F7-9F14C9F79EEC}.Debug|Any CPU.Build.0 = Debug|Any CPU
		{3B757912-AC2E-4930-84F7-9F14C9F79EEC}.Release|Any CPU.ActiveCfg = Release|Any CPU
		{3B757912-AC2E-4930-84F7-9F14C9F79EEC}.Release|Any CPU.Build.0 = Release|Any CPU
		{15348633-ED7C-498C-B98D-2BFE2D16D6A6}.Debug|Any CPU.ActiveCfg = Debug|Any CPU
		{15348633-ED7C-498C-B98D-2BFE2D16D6A6}.Debug|Any CPU.Build.0 = Debug|Any CPU
		{15348633-ED7C-498C-B98D-2BFE2D16D6A6}.Release|Any CPU.ActiveCfg = Release|Any CPU
		{15348633-ED7C-498C-B98D-2BFE2D16D6A6}.Release|Any CPU.Build.0 = Release|Any CPU
		{ED37C142-8734-4400-B6D7-9B1E77140351}.Debug|Any CPU.ActiveCfg = Debug|Any CPU
		{ED37C142-8734-4400-B6D7-9B1E77140351}.Debug|Any CPU.Build.0 = Debug|Any CPU
		{ED37C142-8734-4400-B6D7-9B1E77140351}.Release|Any CPU.ActiveCfg = Release|Any CPU
		{ED37C142-8734-4400-B6D7-9B1E77140351}.Release|Any CPU.Build.0 = Release|Any CPU
		{33AB05C5-B961-493F-9F3E-9C638C1FCF72}.Debug|Any CPU.ActiveCfg = Debug|Any CPU
		{33AB05C5-B961-493F-9F3E-9C638C1FCF72}.Debug|Any CPU.Build.0 = Debug|Any CPU
		{33AB05C5-B961-493F-9F3E-9C638C1FCF72}.Release|Any CPU.ActiveCfg = Release|Any CPU
		{33AB05C5-B961-493F-9F3E-9C638C1FCF72}.Release|Any CPU.Build.0 = Release|Any CPU
	EndGlobalSection
	GlobalSection(SolutionProperties) = preSolution
		HideSolutionNode = FALSE
	EndGlobalSection
	GlobalSection(ExtensibilityGlobals) = postSolution
		SolutionGuid = {DF72D1BA-C2C6-41A5-A1ED-CBEBCA92BE2F}
	EndGlobalSection
EndGlobal
